// !$*UTF8*$!
{
	archiveVersion = 1;
	classes = {
	};
	objectVersion = 50;
	objects = {

/* Begin PBXBuildFile section */
		25159F182254D0190017388E /* Task.swift in Sources */ = {isa = PBXBuildFile; fileRef = 25159F172254D0190017388E /* Task.swift */; };
		25159F1A2254D13E0017388E /* TaskDetailViewController.swift in Sources */ = {isa = PBXBuildFile; fileRef = 25159F192254D13E0017388E /* TaskDetailViewController.swift */; };
		251A9B06224B977B00653FEF /* AppDelegate.swift in Sources */ = {isa = PBXBuildFile; fileRef = 251A9B05224B977B00653FEF /* AppDelegate.swift */; };
		251A9B08224B977B00653FEF /* TasksViewController.swift in Sources */ = {isa = PBXBuildFile; fileRef = 251A9B07224B977B00653FEF /* TasksViewController.swift */; };
		251A9B0A224B977B00653FEF /* AlarmViewController.swift in Sources */ = {isa = PBXBuildFile; fileRef = 251A9B09224B977B00653FEF /* AlarmViewController.swift */; };
		251A9B0D224B977B00653FEF /* Main.storyboard in Resources */ = {isa = PBXBuildFile; fileRef = 251A9B0B224B977B00653FEF /* Main.storyboard */; };
		251A9B0F224B977B00653FEF /* Assets.xcassets in Resources */ = {isa = PBXBuildFile; fileRef = 251A9B0E224B977B00653FEF /* Assets.xcassets */; };
		251A9B12224B977B00653FEF /* LaunchScreen.storyboard in Resources */ = {isa = PBXBuildFile; fileRef = 251A9B10224B977B00653FEF /* LaunchScreen.storyboard */; };
		251A9B1D224B977B00653FEF /* BAP_Todo_iOSTests.swift in Sources */ = {isa = PBXBuildFile; fileRef = 251A9B1C224B977B00653FEF /* BAP_Todo_iOSTests.swift */; };
/* End PBXBuildFile section */

/* Begin PBXContainerItemProxy section */
		251A9B19224B977B00653FEF /* PBXContainerItemProxy */ = {
			isa = PBXContainerItemProxy;
			containerPortal = 251A9AFA224B977B00653FEF /* Project object */;
			proxyType = 1;
			remoteGlobalIDString = 251A9B01224B977B00653FEF;
			remoteInfo = BAP_Todo_iOS;
		};
/* End PBXContainerItemProxy section */

/* Begin PBXFileReference section */
		25159F172254D0190017388E /* Task.swift */ = {isa = PBXFileReference; lastKnownFileType = sourcecode.swift; path = Task.swift; sourceTree = "<group>"; };
		25159F192254D13E0017388E /* TaskDetailViewController.swift */ = {isa = PBXFileReference; lastKnownFileType = sourcecode.swift; path = TaskDetailViewController.swift; sourceTree = "<group>"; };
		25159F1C2254E5E70017388E /* libsqlite3.tbd */ = {isa = PBXFileReference; lastKnownFileType = "sourcecode.text-based-dylib-definition"; name = libsqlite3.tbd; path = usr/lib/libsqlite3.tbd; sourceTree = SDKROOT; };
		251A9B02224B977B00653FEF /* BAP_Todo_iOS.app */ = {isa = PBXFileReference; explicitFileType = wrapper.application; includeInIndex = 0; path = BAP_Todo_iOS.app; sourceTree = BUILT_PRODUCTS_DIR; };
		251A9B05224B977B00653FEF /* AppDelegate.swift */ = {isa = PBXFileReference; lastKnownFileType = sourcecode.swift; path = AppDelegate.swift; sourceTree = "<group>"; };
		251A9B07224B977B00653FEF /* TasksViewController.swift */ = {isa = PBXFileReference; lastKnownFileType = sourcecode.swift; path = TasksViewController.swift; sourceTree = "<group>"; };
		251A9B09224B977B00653FEF /* AlarmViewController.swift */ = {isa = PBXFileReference; lastKnownFileType = sourcecode.swift; path = AlarmViewController.swift; sourceTree = "<group>"; };
		251A9B0C224B977B00653FEF /* Base */ = {isa = PBXFileReference; lastKnownFileType = file.storyboard; name = Base; path = Base.lproj/Main.storyboard; sourceTree = "<group>"; };
		251A9B0E224B977B00653FEF /* Assets.xcassets */ = {isa = PBXFileReference; lastKnownFileType = folder.assetcatalog; path = Assets.xcassets; sourceTree = "<group>"; };
		251A9B11224B977B00653FEF /* Base */ = {isa = PBXFileReference; lastKnownFileType = file.storyboard; name = Base; path = Base.lproj/LaunchScreen.storyboard; sourceTree = "<group>"; };
		251A9B13224B977B00653FEF /* Info.plist */ = {isa = PBXFileReference; lastKnownFileType = text.plist.xml; path = Info.plist; sourceTree = "<group>"; };
		251A9B18224B977B00653FEF /* BAP_Todo_iOSTests.xctest */ = {isa = PBXFileReference; explicitFileType = wrapper.cfbundle; includeInIndex = 0; path = BAP_Todo_iOSTests.xctest; sourceTree = BUILT_PRODUCTS_DIR; };
		251A9B1C224B977B00653FEF /* BAP_Todo_iOSTests.swift */ = {isa = PBXFileReference; lastKnownFileType = sourcecode.swift; path = BAP_Todo_iOSTests.swift; sourceTree = "<group>"; };
		251A9B1E224B977B00653FEF /* Info.plist */ = {isa = PBXFileReference; lastKnownFileType = text.plist.xml; path = Info.plist; sourceTree = "<group>"; };
/* End PBXFileReference section */

/* Begin PBXFrameworksBuildPhase section */
		251A9AFF224B977B00653FEF /* Frameworks */ = {
			isa = PBXFrameworksBuildPhase;
			buildActionMask = 2147483647;
			files = (
			);
			runOnlyForDeploymentPostprocessing = 0;
		};
		251A9B15224B977B00653FEF /* Frameworks */ = {
			isa = PBXFrameworksBuildPhase;
			buildActionMask = 2147483647;
			files = (
			);
			runOnlyForDeploymentPostprocessing = 0;
		};
/* End PBXFrameworksBuildPhase section */

/* Begin PBXGroup section */
		25159F1B2254E5E70017388E /* Frameworks */ = {
			isa = PBXGroup;
			children = (
				25159F1C2254E5E70017388E /* libsqlite3.tbd */,
			);
			name = Frameworks;
			sourceTree = "<group>";
		};
		251A9AF9224B977B00653FEF = {
			isa = PBXGroup;
			children = (
				251A9B04224B977B00653FEF /* BAP_Todo_iOS */,
				251A9B1B224B977B00653FEF /* BAP_Todo_iOSTests */,
				251A9B03224B977B00653FEF /* Products */,
				25159F1B2254E5E70017388E /* Frameworks */,
			);
			sourceTree = "<group>";
		};
		251A9B03224B977B00653FEF /* Products */ = {
			isa = PBXGroup;
			children = (
				251A9B02224B977B00653FEF /* BAP_Todo_iOS.app */,
				251A9B18224B977B00653FEF /* BAP_Todo_iOSTests.xctest */,
			);
			name = Products;
			sourceTree = "<group>";
		};
		251A9B04224B977B00653FEF /* BAP_Todo_iOS */ = {
			isa = PBXGroup;
			children = (
				251A9B05224B977B00653FEF /* AppDelegate.swift */,
				251A9B07224B977B00653FEF /* TasksViewController.swift */,
				251A9B09224B977B00653FEF /* AlarmViewController.swift */,
				251A9B0B224B977B00653FEF /* Main.storyboard */,
				251A9B0E224B977B00653FEF /* Assets.xcassets */,
				251A9B10224B977B00653FEF /* LaunchScreen.storyboard */,
				251A9B13224B977B00653FEF /* Info.plist */,
				25159F172254D0190017388E /* Task.swift */,
				25159F192254D13E0017388E /* TaskDetailViewController.swift */,
			);
			path = BAP_Todo_iOS;
			sourceTree = "<group>";
		};
		251A9B1B224B977B00653FEF /* BAP_Todo_iOSTests */ = {
			isa = PBXGroup;
			children = (
				251A9B1C224B977B00653FEF /* BAP_Todo_iOSTests.swift */,
				251A9B1E224B977B00653FEF /* Info.plist */,
			);
			path = BAP_Todo_iOSTests;
			sourceTree = "<group>";
		};
/* End PBXGroup section */

/* Begin PBXNativeTarget section */
		251A9B01224B977B00653FEF /* BAP_Todo_iOS */ = {
			isa = PBXNativeTarget;
			buildConfigurationList = 251A9B21224B977B00653FEF /* Build configuration list for PBXNativeTarget "BAP_Todo_iOS" */;
			buildPhases = (
				251A9AFE224B977B00653FEF /* Sources */,
				251A9AFF224B977B00653FEF /* Frameworks */,
				251A9B00224B977B00653FEF /* Resources */,
			);
			buildRules = (
			);
			dependencies = (
			);
			name = BAP_Todo_iOS;
			productName = BAP_Todo_iOS;
			productReference = 251A9B02224B977B00653FEF /* BAP_Todo_iOS.app */;
			productType = "com.apple.product-type.application";
		};
		251A9B17224B977B00653FEF /* BAP_Todo_iOSTests */ = {
			isa = PBXNativeTarget;
			buildConfigurationList = 251A9B24224B977B00653FEF /* Build configuration list for PBXNativeTarget "BAP_Todo_iOSTests" */;
			buildPhases = (
				251A9B14224B977B00653FEF /* Sources */,
				251A9B15224B977B00653FEF /* Frameworks */,
				251A9B16224B977B00653FEF /* Resources */,
			);
			buildRules = (
			);
			dependencies = (
				251A9B1A224B977B00653FEF /* PBXTargetDependency */,
			);
			name = BAP_Todo_iOSTests;
			productName = BAP_Todo_iOSTests;
			productReference = 251A9B18224B977B00653FEF /* BAP_Todo_iOSTests.xctest */;
			productType = "com.apple.product-type.bundle.unit-test";
		};
/* End PBXNativeTarget section */

/* Begin PBXProject section */
		251A9AFA224B977B00653FEF /* Project object */ = {
			isa = PBXProject;
			attributes = {
				LastSwiftUpdateCheck = 1010;
				LastUpgradeCheck = 1010;
				ORGANIZATIONNAME = "Jonas De Ridder";
				TargetAttributes = {
					251A9B01224B977B00653FEF = {
						CreatedOnToolsVersion = 10.1;
					};
					251A9B17224B977B00653FEF = {
						CreatedOnToolsVersion = 10.1;
						TestTargetID = 251A9B01224B977B00653FEF;
					};
				};
			};
			buildConfigurationList = 251A9AFD224B977B00653FEF /* Build configuration list for PBXProject "BAP_Todo_iOS" */;
			compatibilityVersion = "Xcode 9.3";
			developmentRegion = en;
			hasScannedForEncodings = 0;
			knownRegions = (
				en,
				Base,
			);
			mainGroup = 251A9AF9224B977B00653FEF;
			productRefGroup = 251A9B03224B977B00653FEF /* Products */;
			projectDirPath = "";
			projectRoot = "";
			targets = (
				251A9B01224B977B00653FEF /* BAP_Todo_iOS */,
				251A9B17224B977B00653FEF /* BAP_Todo_iOSTests */,
			);
		};
/* End PBXProject section */

/* Begin PBXResourcesBuildPhase section */
		251A9B00224B977B00653FEF /* Resources */ = {
			isa = PBXResourcesBuildPhase;
			buildActionMask = 2147483647;
			files = (
				251A9B12224B977B00653FEF /* LaunchScreen.storyboard in Resources */,
				251A9B0F224B977B00653FEF /* Assets.xcassets in Resources */,
				251A9B0D224B977B00653FEF /* Main.storyboard in Resources */,
			);
			runOnlyForDeploymentPostprocessing = 0;
		};
		251A9B16224B977B00653FEF /* Resources */ = {
			isa = PBXResourcesBuildPhase;
			buildActionMask = 2147483647;
			files = (
			);
			runOnlyForDeploymentPostprocessing = 0;
		};
/* End PBXResourcesBuildPhase section */

/* Begin PBXSourcesBuildPhase section */
		251A9AFE224B977B00653FEF /* Sources */ = {
			isa = PBXSourcesBuildPhase;
			buildActionMask = 2147483647;
			files = (
				25159F182254D0190017388E /* Task.swift in Sources */,
				251A9B0A224B977B00653FEF /* AlarmViewController.swift in Sources */,
				251A9B06224B977B00653FEF /* AppDelegate.swift in Sources */,
				251A9B08224B977B00653FEF /* TasksViewController.swift in Sources */,
				25159F1A2254D13E0017388E /* TaskDetailViewController.swift in Sources */,
			);
			runOnlyForDeploymentPostprocessing = 0;
		};
		251A9B14224B977B00653FEF /* Sources */ = {
			isa = PBXSourcesBuildPhase;
			buildActionMask = 2147483647;
			files = (
				251A9B1D224B977B00653FEF /* BAP_Todo_iOSTests.swift in Sources */,
			);
			runOnlyForDeploymentPostprocessing = 0;
		};
/* End PBXSourcesBuildPhase section */

/* Begin PBXTargetDependency section */
		251A9B1A224B977B00653FEF /* PBXTargetDependency */ = {
			isa = PBXTargetDependency;
			target = 251A9B01224B977B00653FEF /* BAP_Todo_iOS */;
			targetProxy = 251A9B19224B977B00653FEF /* PBXContainerItemProxy */;
		};
/* End PBXTargetDependency section */

/* Begin PBXVariantGroup section */
		251A9B0B224B977B00653FEF /* Main.storyboard */ = {
			isa = PBXVariantGroup;
			children = (
				251A9B0C224B977B00653FEF /* Base */,
			);
			name = Main.storyboard;
			sourceTree = "<group>";
		};
		251A9B10224B977B00653FEF /* LaunchScreen.storyboard */ = {
			isa = PBXVariantGroup;
			children = (
				251A9B11224B977B00653FEF /* Base */,
			);
			name = LaunchScreen.storyboard;
			sourceTree = "<group>";
		};
/* End PBXVariantGroup section */

/* Begin XCBuildConfiguration section */
		251A9B1F224B977B00653FEF /* Debug */ = {
			isa = XCBuildConfiguration;
			buildSettings = {
				ALWAYS_SEARCH_USER_PATHS = NO;
				CLANG_ANALYZER_NONNULL = YES;
				CLANG_ANALYZER_NUMBER_OBJECT_CONVERSION = YES_AGGRESSIVE;
				CLANG_CXX_LANGUAGE_STANDARD = "gnu++14";
				CLANG_CXX_LIBRARY = "libc++";
				CLANG_ENABLE_MODULES = YES;
				CLANG_ENABLE_OBJC_ARC = YES;
				CLANG_ENABLE_OBJC_WEAK = YES;
				CLANG_WARN_BLOCK_CAPTURE_AUTORELEASING = YES;
				CLANG_WARN_BOOL_CONVERSION = YES;
				CLANG_WARN_COMMA = YES;
				CLANG_WARN_CONSTANT_CONVERSION = YES;
				CLANG_WARN_DEPRECATED_OBJC_IMPLEMENTATIONS = YES;
				CLANG_WARN_DIRECT_OBJC_ISA_USAGE = YES_ERROR;
				CLANG_WARN_DOCUMENTATION_COMMENTS = YES;
				CLANG_WARN_EMPTY_BODY = YES;
				CLANG_WARN_ENUM_CONVERSION = YES;
				CLANG_WARN_INFINITE_RECURSION = YES;
				CLANG_WARN_INT_CONVERSION = YES;
				CLANG_WARN_NON_LITERAL_NULL_CONVERSION = YES;
				CLANG_WARN_OBJC_IMPLICIT_RETAIN_SELF = YES;
				CLANG_WARN_OBJC_LITERAL_CONVERSION = YES;
				CLANG_WARN_OBJC_ROOT_CLASS = YES_ERROR;
				CLANG_WARN_RANGE_LOOP_ANALYSIS = YES;
				CLANG_WARN_STRICT_PROTOTYPES = YES;
				CLANG_WARN_SUSPICIOUS_MOVE = YES;
				CLANG_WARN_UNGUARDED_AVAILABILITY = YES_AGGRESSIVE;
				CLANG_WARN_UNREACHABLE_CODE = YES;
				CLANG_WARN__DUPLICATE_METHOD_MATCH = YES;
				CODE_SIGN_IDENTITY = "iPhone Developer";
				COPY_PHASE_STRIP = NO;
				DEBUG_INFORMATION_FORMAT = dwarf;
				ENABLE_STRICT_OBJC_MSGSEND = YES;
				ENABLE_TESTABILITY = YES;
				GCC_C_LANGUAGE_STANDARD = gnu11;
				GCC_DYNAMIC_NO_PIC = NO;
				GCC_NO_COMMON_BLOCKS = YES;
				GCC_OPTIMIZATION_LEVEL = 0;
				GCC_PREPROCESSOR_DEFINITIONS = (
					"DEBUG=1",
					"$(inherited)",
				);
				GCC_WARN_64_TO_32_BIT_CONVERSION = YES;
				GCC_WARN_ABOUT_RETURN_TYPE = YES_ERROR;
				GCC_WARN_UNDECLARED_SELECTOR = YES;
				GCC_WARN_UNINITIALIZED_AUTOS = YES_AGGRESSIVE;
				GCC_WARN_UNUSED_FUNCTION = YES;
				GCC_WARN_UNUSED_VARIABLE = YES;
				IPHONEOS_DEPLOYMENT_TARGET = 12.1;
				MTL_ENABLE_DEBUG_INFO = INCLUDE_SOURCE;
				MTL_FAST_MATH = YES;
				ONLY_ACTIVE_ARCH = YES;
				SDKROOT = iphoneos;
				SWIFT_ACTIVE_COMPILATION_CONDITIONS = DEBUG;
				SWIFT_OPTIMIZATION_LEVEL = "-Onone";
			};
			name = Debug;
		};
		251A9B20224B977B00653FEF /* Release */ = {
			isa = XCBuildConfiguration;
			buildSettings = {
				ALWAYS_SEARCH_USER_PATHS = NO;
				CLANG_ANALYZER_NONNULL = YES;
				CLANG_ANALYZER_NUMBER_OBJECT_CONVERSION = YES_AGGRESSIVE;
				CLANG_CXX_LANGUAGE_STANDARD = "gnu++14";
				CLANG_CXX_LIBRARY = "libc++";
				CLANG_ENABLE_MODULES = YES;
				CLANG_ENABLE_OBJC_ARC = YES;
				CLANG_ENABLE_OBJC_WEAK = YES;
				CLANG_WARN_BLOCK_CAPTURE_AUTORELEASING = YES;
				CLANG_WARN_BOOL_CONVERSION = YES;
				CLANG_WARN_COMMA = YES;
				CLANG_WARN_CONSTANT_CONVERSION = YES;
				CLANG_WARN_DEPRECATED_OBJC_IMPLEMENTATIONS = YES;
				CLANG_WARN_DIRECT_OBJC_ISA_USAGE = YES_ERROR;
				CLANG_WARN_DOCUMENTATION_COMMENTS = YES;
				CLANG_WARN_EMPTY_BODY = YES;
				CLANG_WARN_ENUM_CONVERSION = YES;
				CLANG_WARN_INFINITE_RECURSION = YES;
				CLANG_WARN_INT_CONVERSION = YES;
				CLANG_WARN_NON_LITERAL_NULL_CONVERSION = YES;
				CLANG_WARN_OBJC_IMPLICIT_RETAIN_SELF = YES;
				CLANG_WARN_OBJC_LITERAL_CONVERSION = YES;
				CLANG_WARN_OBJC_ROOT_CLASS = YES_ERROR;
				CLANG_WARN_RANGE_LOOP_ANALYSIS = YES;
				CLANG_WARN_STRICT_PROTOTYPES = YES;
				CLANG_WARN_SUSPICIOUS_MOVE = YES;
				CLANG_WARN_UNGUARDED_AVAILABILITY = YES_AGGRESSIVE;
				CLANG_WARN_UNREACHABLE_CODE = YES;
				CLANG_WARN__DUPLICATE_METHOD_MATCH = YES;
				CODE_SIGN_IDENTITY = "iPhone Developer";
				COPY_PHASE_STRIP = NO;
				DEBUG_INFORMATION_FORMAT = "dwarf-with-dsym";
				ENABLE_NS_ASSERTIONS = NO;
				ENABLE_STRICT_OBJC_MSGSEND = YES;
				GCC_C_LANGUAGE_STANDARD = gnu11;
				GCC_NO_COMMON_BLOCKS = YES;
				GCC_WARN_64_TO_32_BIT_CONVERSION = YES;
				GCC_WARN_ABOUT_RETURN_TYPE = YES_ERROR;
				GCC_WARN_UNDECLARED_SELECTOR = YES;
				GCC_WARN_UNINITIALIZED_AUTOS = YES_AGGRESSIVE;
				GCC_WARN_UNUSED_FUNCTION = YES;
				GCC_WARN_UNUSED_VARIABLE = YES;
				IPHONEOS_DEPLOYMENT_TARGET = 12.1;
				MTL_ENABLE_DEBUG_INFO = NO;
				MTL_FAST_MATH = YES;
				SDKROOT = iphoneos;
				SWIFT_COMPILATION_MODE = wholemodule;
				SWIFT_OPTIMIZATION_LEVEL = "-O";
				VALIDATE_PRODUCT = YES;
			};
			name = Release;
		};
		251A9B22224B977B00653FEF /* Debug */ = {
			isa = XCBuildConfiguration;
			buildSettings = {
				ASSETCATALOG_COMPILER_APPICON_NAME = AppIcon;
				CODE_SIGN_STYLE = Automatic;
				INFOPLIST_FILE = BAP_Todo_iOS/Info.plist;
				LD_RUNPATH_SEARCH_PATHS = (
					"$(inherited)",
					"@executable_path/Frameworks",
				);
				PRODUCT_BUNDLE_IDENTIFIER = "be.nextapps.jonas.BAP-Todo-iOS";
				PRODUCT_NAME = "$(TARGET_NAME)";
				SWIFT_VERSION = 4.2;
				TARGETED_DEVICE_FAMILY = "1,2";
			};
			name = Debug;
		};
		251A9B23224B977B00653FEF /* Release */ = {
			isa = XCBuildConfiguration;
			buildSettings = {
				ASSETCATALOG_COMPILER_APPICON_NAME = AppIcon;
				CODE_SIGN_STYLE = Automatic;
				INFOPLIST_FILE = BAP_Todo_iOS/Info.plist;
				LD_RUNPATH_SEARCH_PATHS = (
					"$(inherited)",
					"@executable_path/Frameworks",
				);
				PRODUCT_BUNDLE_IDENTIFIER = "be.nextapps.jonas.BAP-Todo-iOS";
				PRODUCT_NAME = "$(TARGET_NAME)";
				SWIFT_VERSION = 4.2;
				TARGETED_DEVICE_FAMILY = "1,2";
			};
			name = Release;
		};
		251A9B25224B977B00653FEF /* Debug */ = {
			isa = XCBuildConfiguration;
			buildSettings = {
				ALWAYS_EMBED_SWIFT_STANDARD_LIBRARIES = YES;
				BUNDLE_LOADER = "$(TEST_HOST)";
				CODE_SIGN_STYLE = Automatic;
				INFOPLIST_FILE = BAP_Todo_iOSTests/Info.plist;
				LD_RUNPATH_SEARCH_PATHS = (
					"$(inherited)",
					"@executable_path/Frameworks",
					"@loader_path/Frameworks",
				);
				PRODUCT_BUNDLE_IDENTIFIER = "be.nextapps.jonas.BAP-Todo-iOSTests";
				PRODUCT_NAME = "$(TARGET_NAME)";
				SWIFT_VERSION = 4.2;
				TARGETED_DEVICE_FAMILY = "1,2";
				TEST_HOST = "$(BUILT_PRODUCTS_DIR)/BAP_Todo_iOS.app/BAP_Todo_iOS";
			};
			name = Debug;
		};
		251A9B26224B977B00653FEF /* Release */ = {
			isa = XCBuildConfiguration;
			buildSettings = {
				ALWAYS_EMBED_SWIFT_STANDARD_LIBRARIES = YES;
				BUNDLE_LOADER = "$(TEST_HOST)";
				CODE_SIGN_STYLE = Automatic;
				INFOPLIST_FILE = BAP_Todo_iOSTests/Info.plist;
				LD_RUNPATH_SEARCH_PATHS = (
					"$(inherited)",
					"@executable_path/Frameworks",
					"@loader_path/Frameworks",
				);
				PRODUCT_BUNDLE_IDENTIFIER = "be.nextapps.jonas.BAP-Todo-iOSTests";
				PRODUCT_NAME = "$(TARGET_NAME)";
				SWIFT_VERSION = 4.2;
				TARGETED_DEVICE_FAMILY = "1,2";
				TEST_HOST = "$(BUILT_PRODUCTS_DIR)/BAP_Todo_iOS.app/BAP_Todo_iOS";
			};
			name = Release;
		};
/* End XCBuildConfiguration section */

/* Begin XCConfigurationList section */
		251A9AFD224B977B00653FEF /* Build configuration list for PBXProject "BAP_Todo_iOS" */ = {
			isa = XCConfigurationList;
			buildConfigurations = (
				251A9B1F224B977B00653FEF /* Debug */,
				251A9B20224B977B00653FEF /* Release */,
			);
			defaultConfigurationIsVisible = 0;
			defaultConfigurationName = Release;
		};
		251A9B21224B977B00653FEF /* Build configuration list for PBXNativeTarget "BAP_Todo_iOS" */ = {
			isa = XCConfigurationList;
			buildConfigurations = (
				251A9B22224B977B00653FEF /* Debug */,
				251A9B23224B977B00653FEF /* Release */,
			);
			defaultConfigurationIsVisible = 0;
			defaultConfigurationName = Release;
		};
		251A9B24224B977B00653FEF /* Build configuration list for PBXNativeTarget "BAP_Todo_iOSTests" */ = {
			isa = XCConfigurationList;
			buildConfigurations = (
				251A9B25224B977B00653FEF /* Debug */,
				251A9B26224B977B00653FEF /* Release */,
			);
			defaultConfigurationIsVisible = 0;
			defaultConfigurationName = Release;
		};
/* End XCConfigurationList section */
	};
	rootObject = 251A9AFA224B977B00653FEF /* Project object */;
}
